// !$*UTF8*$!
{
	archiveVersion = 1;
	classes = {
	};
	objectVersion = 55;
	objects = {

/* Begin PBXBuildFile section */
		25E2E9212706BD2300628782 /* AppDelegate.swift in Sources */ = {isa = PBXBuildFile; fileRef = 25E2E9202706BD2300628782 /* AppDelegate.swift */; };
		25E2E9232706BD2300628782 /* SceneDelegate.swift in Sources */ = {isa = PBXBuildFile; fileRef = 25E2E9222706BD2300628782 /* SceneDelegate.swift */; };
		25E2E9252706BD2300628782 /* ViewController.swift in Sources */ = {isa = PBXBuildFile; fileRef = 25E2E9242706BD2300628782 /* ViewController.swift */; };
		25E2E9282706BD2300628782 /* Main.storyboard in Resources */ = {isa = PBXBuildFile; fileRef = 25E2E9262706BD2300628782 /* Main.storyboard */; };
		25E2E92A2706BD2500628782 /* Assets.xcassets in Resources */ = {isa = PBXBuildFile; fileRef = 25E2E9292706BD2500628782 /* Assets.xcassets */; };
		25E2E92D2706BD2500628782 /* LaunchScreen.storyboard in Resources */ = {isa = PBXBuildFile; fileRef = 25E2E92B2706BD2500628782 /* LaunchScreen.storyboard */; };
		25E2E9392706BD8B00628782 /* SketchView.swift in Sources */ = {isa = PBXBuildFile; fileRef = 25E2E9382706BD8B00628782 /* SketchView.swift */; };
		25E2E93C2706BF2D00628782 /* SnapKit in Frameworks */ = {isa = PBXBuildFile; productRef = 25E2E93B2706BF2D00628782 /* SnapKit */; };
		25E2E93F2706BF4900628782 /* Then in Frameworks */ = {isa = PBXBuildFile; productRef = 25E2E93E2706BF4900628782 /* Then */; };
		25E2E9412706C29C00628782 /* Developers.png in Resources */ = {isa = PBXBuildFile; fileRef = 25E2E9402706C29C00628782 /* Developers.png */; };
		25E2E9432706C3CB00628782 /* DrawingView.swift in Sources */ = {isa = PBXBuildFile; fileRef = 25E2E9422706C3CB00628782 /* DrawingView.swift */; };
		25E2E9462706DF0300628782 /* DrawingViewModel.swift in Sources */ = {isa = PBXBuildFile; fileRef = 25E2E9452706DF0300628782 /* DrawingViewModel.swift */; };
		25E2E9482706E19A00628782 /* Pencil.swift in Sources */ = {isa = PBXBuildFile; fileRef = 25E2E9472706E19A00628782 /* Pencil.swift */; };
/* End PBXBuildFile section */

/* Begin PBXFileReference section */
		25E2E91D2706BD2300628782 /* DrawingPad_Complete.app */ = {isa = PBXFileReference; explicitFileType = wrapper.application; includeInIndex = 0; path = DrawingPad_Complete.app; sourceTree = BUILT_PRODUCTS_DIR; };
		25E2E9202706BD2300628782 /* AppDelegate.swift */ = {isa = PBXFileReference; lastKnownFileType = sourcecode.swift; path = AppDelegate.swift; sourceTree = "<group>"; };
		25E2E9222706BD2300628782 /* SceneDelegate.swift */ = {isa = PBXFileReference; lastKnownFileType = sourcecode.swift; path = SceneDelegate.swift; sourceTree = "<group>"; };
		25E2E9242706BD2300628782 /* ViewController.swift */ = {isa = PBXFileReference; lastKnownFileType = sourcecode.swift; path = ViewController.swift; sourceTree = "<group>"; };
		25E2E9272706BD2300628782 /* Base */ = {isa = PBXFileReference; lastKnownFileType = file.storyboard; name = Base; path = Base.lproj/Main.storyboard; sourceTree = "<group>"; };
		25E2E9292706BD2500628782 /* Assets.xcassets */ = {isa = PBXFileReference; lastKnownFileType = folder.assetcatalog; path = Assets.xcassets; sourceTree = "<group>"; };
		25E2E92C2706BD2500628782 /* Base */ = {isa = PBXFileReference; lastKnownFileType = file.storyboard; name = Base; path = Base.lproj/LaunchScreen.storyboard; sourceTree = "<group>"; };
		25E2E92E2706BD2500628782 /* Info.plist */ = {isa = PBXFileReference; lastKnownFileType = text.plist.xml; path = Info.plist; sourceTree = "<group>"; };
		25E2E9382706BD8B00628782 /* SketchView.swift */ = {isa = PBXFileReference; lastKnownFileType = sourcecode.swift; path = SketchView.swift; sourceTree = "<group>"; };
		25E2E9402706C29C00628782 /* Developers.png */ = {isa = PBXFileReference; lastKnownFileType = image.png; path = Developers.png; sourceTree = "<group>"; };
		25E2E9422706C3CB00628782 /* DrawingView.swift */ = {isa = PBXFileReference; lastKnownFileType = sourcecode.swift; path = DrawingView.swift; sourceTree = "<group>"; };
		25E2E9452706DF0300628782 /* DrawingViewModel.swift */ = {isa = PBXFileReference; lastKnownFileType = sourcecode.swift; path = DrawingViewModel.swift; sourceTree = "<group>"; };
		25E2E9472706E19A00628782 /* Pencil.swift */ = {isa = PBXFileReference; lastKnownFileType = sourcecode.swift; path = Pencil.swift; sourceTree = "<group>"; };
/* End PBXFileReference section */

/* Begin PBXFrameworksBuildPhase section */
		25E2E91A2706BD2300628782 /* Frameworks */ = {
			isa = PBXFrameworksBuildPhase;
			buildActionMask = 2147483647;
			files = (
				25E2E93C2706BF2D00628782 /* SnapKit in Frameworks */,
				25E2E93F2706BF4900628782 /* Then in Frameworks */,
			);
			runOnlyForDeploymentPostprocessing = 0;
		};
/* End PBXFrameworksBuildPhase section */

/* Begin PBXGroup section */
		25E2E9142706BD2300628782 = {
			isa = PBXGroup;
			children = (
				25E2E91F2706BD2300628782 /* DrawingPad_Complete */,
				25E2E91E2706BD2300628782 /* Products */,
			);
			sourceTree = "<group>";
		};
		25E2E91E2706BD2300628782 /* Products */ = {
			isa = PBXGroup;
			children = (
				25E2E91D2706BD2300628782 /* DrawingPad_Complete.app */,
			);
			name = Products;
			sourceTree = "<group>";
		};
		25E2E91F2706BD2300628782 /* DrawingPad_Complete */ = {
			isa = PBXGroup;
			children = (
				25E2E9442706DEFB00628782 /* ViewModel */,
				25E2E9372706BD3800628782 /* App */,
				25E2E9362706BD3600628782 /* Model */,
				25E2E9352706BD3200628782 /* Controller */,
				25E2E9342706BD2E00628782 /* View */,
				25E2E9292706BD2500628782 /* Assets.xcassets */,
				25E2E9402706C29C00628782 /* Developers.png */,
				25E2E92E2706BD2500628782 /* Info.plist */,
			);
			path = DrawingPad_Complete;
			sourceTree = "<group>";
		};
		25E2E9342706BD2E00628782 /* View */ = {
			isa = PBXGroup;
			children = (
				25E2E9262706BD2300628782 /* Main.storyboard */,
				25E2E92B2706BD2500628782 /* LaunchScreen.storyboard */,
				25E2E9382706BD8B00628782 /* SketchView.swift */,
				25E2E9422706C3CB00628782 /* DrawingView.swift */,
			);
			path = View;
			sourceTree = "<group>";
		};
		25E2E9352706BD3200628782 /* Controller */ = {
			isa = PBXGroup;
			children = (
				25E2E9242706BD2300628782 /* ViewController.swift */,
			);
			path = Controller;
			sourceTree = "<group>";
		};
		25E2E9362706BD3600628782 /* Model */ = {
			isa = PBXGroup;
			children = (
				25E2E9472706E19A00628782 /* Pencil.swift */,
			);
			path = Model;
			sourceTree = "<group>";
		};
		25E2E9372706BD3800628782 /* App */ = {
			isa = PBXGroup;
			children = (
				25E2E9202706BD2300628782 /* AppDelegate.swift */,
				25E2E9222706BD2300628782 /* SceneDelegate.swift */,
			);
			path = App;
			sourceTree = "<group>";
		};
		25E2E9442706DEFB00628782 /* ViewModel */ = {
			isa = PBXGroup;
			children = (
				25E2E9452706DF0300628782 /* DrawingViewModel.swift */,
			);
			path = ViewModel;
			sourceTree = "<group>";
		};
/* End PBXGroup section */

/* Begin PBXNativeTarget section */
		25E2E91C2706BD2300628782 /* DrawingPad_Complete */ = {
			isa = PBXNativeTarget;
			buildConfigurationList = 25E2E9312706BD2500628782 /* Build configuration list for PBXNativeTarget "DrawingPad_Complete" */;
			buildPhases = (
				25E2E9192706BD2300628782 /* Sources */,
				25E2E91A2706BD2300628782 /* Frameworks */,
				25E2E91B2706BD2300628782 /* Resources */,
			);
			buildRules = (
			);
			dependencies = (
			);
			name = DrawingPad_Complete;
			packageProductDependencies = (
				25E2E93B2706BF2D00628782 /* SnapKit */,
				25E2E93E2706BF4900628782 /* Then */,
			);
			productName = DrawingPad_Complete;
			productReference = 25E2E91D2706BD2300628782 /* DrawingPad_Complete.app */;
			productType = "com.apple.product-type.application";
		};
/* End PBXNativeTarget section */

/* Begin PBXProject section */
		25E2E9152706BD2300628782 /* Project object */ = {
			isa = PBXProject;
			attributes = {
				BuildIndependentTargetsInParallel = 1;
				LastSwiftUpdateCheck = 1300;
				LastUpgradeCheck = 1300;
				TargetAttributes = {
					25E2E91C2706BD2300628782 = {
						CreatedOnToolsVersion = 13.0;
					};
				};
			};
			buildConfigurationList = 25E2E9182706BD2300628782 /* Build configuration list for PBXProject "DrawingPad_Complete" */;
			compatibilityVersion = "Xcode 13.0";
			developmentRegion = en;
			hasScannedForEncodings = 0;
			knownRegions = (
				en,
				Base,
			);
			mainGroup = 25E2E9142706BD2300628782;
			packageReferences = (
				25E2E93A2706BF2D00628782 /* XCRemoteSwiftPackageReference "SnapKit" */,
				25E2E93D2706BF4900628782 /* XCRemoteSwiftPackageReference "Then" */,
			);
			productRefGroup = 25E2E91E2706BD2300628782 /* Products */;
			projectDirPath = "";
			projectRoot = "";
			targets = (
				25E2E91C2706BD2300628782 /* DrawingPad_Complete */,
			);
		};
/* End PBXProject section */

/* Begin PBXResourcesBuildPhase section */
		25E2E91B2706BD2300628782 /* Resources */ = {
			isa = PBXResourcesBuildPhase;
			buildActionMask = 2147483647;
			files = (
				25E2E92D2706BD2500628782 /* LaunchScreen.storyboard in Resources */,
				25E2E92A2706BD2500628782 /* Assets.xcassets in Resources */,
				25E2E9412706C29C00628782 /* Developers.png in Resources */,
				25E2E9282706BD2300628782 /* Main.storyboard in Resources */,
			);
			runOnlyForDeploymentPostprocessing = 0;
		};
/* End PBXResourcesBuildPhase section */

/* Begin PBXSourcesBuildPhase section */
		25E2E9192706BD2300628782 /* Sources */ = {
			isa = PBXSourcesBuildPhase;
			buildActionMask = 2147483647;
			files = (
				25E2E9252706BD2300628782 /* ViewController.swift in Sources */,
				25E2E9212706BD2300628782 /* AppDelegate.swift in Sources */,
				25E2E9432706C3CB00628782 /* DrawingView.swift in Sources */,
				25E2E9232706BD2300628782 /* SceneDelegate.swift in Sources */,
				25E2E9392706BD8B00628782 /* SketchView.swift in Sources */,
				25E2E9462706DF0300628782 /* DrawingViewModel.swift in Sources */,
				25E2E9482706E19A00628782 /* Pencil.swift in Sources */,
			);
			runOnlyForDeploymentPostprocessing = 0;
		};
/* End PBXSourcesBuildPhase section */

/* Begin PBXVariantGroup section */
		25E2E9262706BD2300628782 /* Main.storyboard */ = {
			isa = PBXVariantGroup;
			children = (
				25E2E9272706BD2300628782 /* Base */,
			);
			name = Main.storyboard;
			sourceTree = "<group>";
		};
		25E2E92B2706BD2500628782 /* LaunchScreen.storyboard */ = {
			isa = PBXVariantGroup;
			children = (
				25E2E92C2706BD2500628782 /* Base */,
			);
			name = LaunchScreen.storyboard;
			sourceTree = "<group>";
		};
/* End PBXVariantGroup section */

/* Begin XCBuildConfiguration section */
		25E2E92F2706BD2500628782 /* Debug */ = {
			isa = XCBuildConfiguration;
			buildSettings = {
				ALWAYS_SEARCH_USER_PATHS = NO;
				CLANG_ANALYZER_NONNULL = YES;
				CLANG_ANALYZER_NUMBER_OBJECT_CONVERSION = YES_AGGRESSIVE;
				CLANG_CXX_LANGUAGE_STANDARD = "gnu++17";
				CLANG_CXX_LIBRARY = "libc++";
				CLANG_ENABLE_MODULES = YES;
				CLANG_ENABLE_OBJC_ARC = YES;
				CLANG_ENABLE_OBJC_WEAK = YES;
				CLANG_WARN_BLOCK_CAPTURE_AUTORELEASING = YES;
				CLANG_WARN_BOOL_CONVERSION = YES;
				CLANG_WARN_COMMA = YES;
				CLANG_WARN_CONSTANT_CONVERSION = YES;
				CLANG_WARN_DEPRECATED_OBJC_IMPLEMENTATIONS = YES;
				CLANG_WARN_DIRECT_OBJC_ISA_USAGE = YES_ERROR;
				CLANG_WARN_DOCUMENTATION_COMMENTS = YES;
				CLANG_WARN_EMPTY_BODY = YES;
				CLANG_WARN_ENUM_CONVERSION = YES;
				CLANG_WARN_INFINITE_RECURSION = YES;
				CLANG_WARN_INT_CONVERSION = YES;
				CLANG_WARN_NON_LITERAL_NULL_CONVERSION = YES;
				CLANG_WARN_OBJC_IMPLICIT_RETAIN_SELF = YES;
				CLANG_WARN_OBJC_LITERAL_CONVERSION = YES;
				CLANG_WARN_OBJC_ROOT_CLASS = YES_ERROR;
				CLANG_WARN_QUOTED_INCLUDE_IN_FRAMEWORK_HEADER = YES;
				CLANG_WARN_RANGE_LOOP_ANALYSIS = YES;
				CLANG_WARN_STRICT_PROTOTYPES = YES;
				CLANG_WARN_SUSPICIOUS_MOVE = YES;
				CLANG_WARN_UNGUARDED_AVAILABILITY = YES_AGGRESSIVE;
				CLANG_WARN_UNREACHABLE_CODE = YES;
				CLANG_WARN__DUPLICATE_METHOD_MATCH = YES;
				COPY_PHASE_STRIP = NO;
				DEBUG_INFORMATION_FORMAT = dwarf;
				ENABLE_STRICT_OBJC_MSGSEND = YES;
				ENABLE_TESTABILITY = YES;
				GCC_C_LANGUAGE_STANDARD = gnu11;
				GCC_DYNAMIC_NO_PIC = NO;
				GCC_NO_COMMON_BLOCKS = YES;
				GCC_OPTIMIZATION_LEVEL = 0;
				GCC_PREPROCESSOR_DEFINITIONS = (
					"DEBUG=1",
					"$(inherited)",
				);
				GCC_WARN_64_TO_32_BIT_CONVERSION = YES;
				GCC_WARN_ABOUT_RETURN_TYPE = YES_ERROR;
				GCC_WARN_UNDECLARED_SELECTOR = YES;
				GCC_WARN_UNINITIALIZED_AUTOS = YES_AGGRESSIVE;
				GCC_WARN_UNUSED_FUNCTION = YES;
				GCC_WARN_UNUSED_VARIABLE = YES;
				IPHONEOS_DEPLOYMENT_TARGET = 15.0;
				MTL_ENABLE_DEBUG_INFO = INCLUDE_SOURCE;
				MTL_FAST_MATH = YES;
				ONLY_ACTIVE_ARCH = YES;
				SDKROOT = iphoneos;
				SWIFT_ACTIVE_COMPILATION_CONDITIONS = DEBUG;
				SWIFT_OPTIMIZATION_LEVEL = "-Onone";
			};
			name = Debug;
		};
		25E2E9302706BD2500628782 /* Release */ = {
			isa = XCBuildConfiguration;
			buildSettings = {
				ALWAYS_SEARCH_USER_PATHS = NO;
				CLANG_ANALYZER_NONNULL = YES;
				CLANG_ANALYZER_NUMBER_OBJECT_CONVERSION = YES_AGGRESSIVE;
				CLANG_CXX_LANGUAGE_STANDARD = "gnu++17";
				CLANG_CXX_LIBRARY = "libc++";
				CLANG_ENABLE_MODULES = YES;
				CLANG_ENABLE_OBJC_ARC = YES;
				CLANG_ENABLE_OBJC_WEAK = YES;
				CLANG_WARN_BLOCK_CAPTURE_AUTORELEASING = YES;
				CLANG_WARN_BOOL_CONVERSION = YES;
				CLANG_WARN_COMMA = YES;
				CLANG_WARN_CONSTANT_CONVERSION = YES;
				CLANG_WARN_DEPRECATED_OBJC_IMPLEMENTATIONS = YES;
				CLANG_WARN_DIRECT_OBJC_ISA_USAGE = YES_ERROR;
				CLANG_WARN_DOCUMENTATION_COMMENTS = YES;
				CLANG_WARN_EMPTY_BODY = YES;
				CLANG_WARN_ENUM_CONVERSION = YES;
				CLANG_WARN_INFINITE_RECURSION = YES;
				CLANG_WARN_INT_CONVERSION = YES;
				CLANG_WARN_NON_LITERAL_NULL_CONVERSION = YES;
				CLANG_WARN_OBJC_IMPLICIT_RETAIN_SELF = YES;
				CLANG_WARN_OBJC_LITERAL_CONVERSION = YES;
				CLANG_WARN_OBJC_ROOT_CLASS = YES_ERROR;
				CLANG_WARN_QUOTED_INCLUDE_IN_FRAMEWORK_HEADER = YES;
				CLANG_WARN_RANGE_LOOP_ANALYSIS = YES;
				CLANG_WARN_STRICT_PROTOTYPES = YES;
				CLANG_WARN_SUSPICIOUS_MOVE = YES;
				CLANG_WARN_UNGUARDED_AVAILABILITY = YES_AGGRESSIVE;
				CLANG_WARN_UNREACHABLE_CODE = YES;
				CLANG_WARN__DUPLICATE_METHOD_MATCH = YES;
				COPY_PHASE_STRIP = NO;
				DEBUG_INFORMATION_FORMAT = "dwarf-with-dsym";
				ENABLE_NS_ASSERTIONS = NO;
				ENABLE_STRICT_OBJC_MSGSEND = YES;
				GCC_C_LANGUAGE_STANDARD = gnu11;
				GCC_NO_COMMON_BLOCKS = YES;
				GCC_WARN_64_TO_32_BIT_CONVERSION = YES;
				GCC_WARN_ABOUT_RETURN_TYPE = YES_ERROR;
				GCC_WARN_UNDECLARED_SELECTOR = YES;
				GCC_WARN_UNINITIALIZED_AUTOS = YES_AGGRESSIVE;
				GCC_WARN_UNUSED_FUNCTION = YES;
				GCC_WARN_UNUSED_VARIABLE = YES;
				IPHONEOS_DEPLOYMENT_TARGET = 15.0;
				MTL_ENABLE_DEBUG_INFO = NO;
				MTL_FAST_MATH = YES;
				SDKROOT = iphoneos;
				SWIFT_COMPILATION_MODE = wholemodule;
				SWIFT_OPTIMIZATION_LEVEL = "-O";
				VALIDATE_PRODUCT = YES;
			};
			name = Release;
		};
		25E2E9322706BD2500628782 /* Debug */ = {
			isa = XCBuildConfiguration;
			buildSettings = {
				ASSETCATALOG_COMPILER_APPICON_NAME = AppIcon;
				ASSETCATALOG_COMPILER_GLOBAL_ACCENT_COLOR_NAME = AccentColor;
				CODE_SIGN_STYLE = Automatic;
				CURRENT_PROJECT_VERSION = 1;
				DEVELOPMENT_TEAM = 5WAUHBZJ8Z;
				GENERATE_INFOPLIST_FILE = YES;
				INFOPLIST_FILE = DrawingPad_Complete/Info.plist;
				INFOPLIST_KEY_UIApplicationSupportsIndirectInputEvents = YES;
				INFOPLIST_KEY_UILaunchStoryboardName = LaunchScreen;
				INFOPLIST_KEY_UIMainStoryboardFile = Main;
				INFOPLIST_KEY_UISupportedInterfaceOrientations_iPad = "UIInterfaceOrientationPortrait UIInterfaceOrientationPortraitUpsideDown UIInterfaceOrientationLandscapeLeft UIInterfaceOrientationLandscapeRight";
				INFOPLIST_KEY_UISupportedInterfaceOrientations_iPhone = "UIInterfaceOrientationPortrait UIInterfaceOrientationLandscapeLeft UIInterfaceOrientationLandscapeRight";
				LD_RUNPATH_SEARCH_PATHS = (
					"$(inherited)",
					"@executable_path/Frameworks",
				);
				MARKETING_VERSION = 1.0;
				PRODUCT_BUNDLE_IDENTIFIER = "Uno.DrawingPad-Complete";
				PRODUCT_NAME = "$(TARGET_NAME)";
				SWIFT_EMIT_LOC_STRINGS = YES;
				SWIFT_VERSION = 5.0;
				TARGETED_DEVICE_FAMILY = "1,2";
			};
			name = Debug;
		};
		25E2E9332706BD2500628782 /* Release */ = {
			isa = XCBuildConfiguration;
			buildSettings = {
				ASSETCATALOG_COMPILER_APPICON_NAME = AppIcon;
				ASSETCATALOG_COMPILER_GLOBAL_ACCENT_COLOR_NAME = AccentColor;
				CODE_SIGN_STYLE = Automatic;
				CURRENT_PROJECT_VERSION = 1;
				DEVELOPMENT_TEAM = 5WAUHBZJ8Z;
				GENERATE_INFOPLIST_FILE = YES;
				INFOPLIST_FILE = DrawingPad_Complete/Info.plist;
				INFOPLIST_KEY_UIApplicationSupportsIndirectInputEvents = YES;
				INFOPLIST_KEY_UILaunchStoryboardName = LaunchScreen;
				INFOPLIST_KEY_UIMainStoryboardFile = Main;
				INFOPLIST_KEY_UISupportedInterfaceOrientations_iPad = "UIInterfaceOrientationPortrait UIInterfaceOrientationPortraitUpsideDown UIInterfaceOrientationLandscapeLeft UIInterfaceOrientationLandscapeRight";
				INFOPLIST_KEY_UISupportedInterfaceOrientations_iPhone = "UIInterfaceOrientationPortrait UIInterfaceOrientationLandscapeLeft UIInterfaceOrientationLandscapeRight";
				LD_RUNPATH_SEARCH_PATHS = (
					"$(inherited)",
					"@executable_path/Frameworks",
				);
				MARKETING_VERSION = 1.0;
				PRODUCT_BUNDLE_IDENTIFIER = "Uno.DrawingPad-Complete";
				PRODUCT_NAME = "$(TARGET_NAME)";
				SWIFT_EMIT_LOC_STRINGS = YES;
				SWIFT_VERSION = 5.0;
				TARGETED_DEVICE_FAMILY = "1,2";
			};
			name = Release;
		};
/* End XCBuildConfiguration section */

/* Begin XCConfigurationList section */
		25E2E9182706BD2300628782 /* Build configuration list for PBXProject "DrawingPad_Complete" */ = {
			isa = XCConfigurationList;
			buildConfigurations = (
				25E2E92F2706BD2500628782 /* Debug */,
				25E2E9302706BD2500628782 /* Release */,
			);
			defaultConfigurationIsVisible = 0;
			defaultConfigurationName = Release;
		};
		25E2E9312706BD2500628782 /* Build configuration list for PBXNativeTarget "DrawingPad_Complete" */ = {
			isa = XCConfigurationList;
			buildConfigurations = (
				25E2E9322706BD2500628782 /* Debug */,
				25E2E9332706BD2500628782 /* Release */,
			);
			defaultConfigurationIsVisible = 0;
			defaultConfigurationName = Release;
		};
/* End XCConfigurationList section */

/* Begin XCRemoteSwiftPackageReference section */
		25E2E93A2706BF2D00628782 /* XCRemoteSwiftPackageReference "SnapKit" */ = {
			isa = XCRemoteSwiftPackageReference;
			repositoryURL = "https://github.com/SnapKit/SnapKit.git";
			requirement = {
				kind = upToNextMajorVersion;
				minimumVersion = 5.0.0;
			};
		};
		25E2E93D2706BF4900628782 /* XCRemoteSwiftPackageReference "Then" */ = {
			isa = XCRemoteSwiftPackageReference;
			repositoryURL = "https://github.com/devxoul/Then.git";
			requirement = {
				kind = upToNextMajorVersion;
				minimumVersion = 2.0.0;
			};
		};
/* End XCRemoteSwiftPackageReference section */

/* Begin XCSwiftPackageProductDependency section */
		25E2E93B2706BF2D00628782 /* SnapKit */ = {
			isa = XCSwiftPackageProductDependency;
			package = 25E2E93A2706BF2D00628782 /* XCRemoteSwiftPackageReference "SnapKit" */;
			productName = SnapKit;
		};
		25E2E93E2706BF4900628782 /* Then */ = {
			isa = XCSwiftPackageProductDependency;
			package = 25E2E93D2706BF4900628782 /* XCRemoteSwiftPackageReference "Then" */;
			productName = Then;
		};
/* End XCSwiftPackageProductDependency section */
	};
	rootObject = 25E2E9152706BD2300628782 /* Project object */;
}
